github.com/beorn7/perks v0.0.0-20160804104726-4c0e84591b9a h1:BtpsbiV638WQZwhA98cEZw2BsbnQJrbd0BI7tsy0W1c=
github.com/beorn7/perks v0.0.0-20160804104726-4c0e84591b9a/go.mod h1:Dwedo/Wpr24TaqPxmxbtue+5NUziq4I4S80YR8gNf3Q=
github.com/codahale/hdrhistogram v0.0.0-20160425231609-f8ad88b59a58 h1:hHWif/4GirK3P5uvCyyj941XSVIQDzuJhbEguCICdPE=
github.com/codahale/hdrhistogram v0.0.0-20160425231609-f8ad88b59a58/go.mod h1:sE/e/2PUdi/liOCUjSTXgM1o87ZssimdTWN964YiIeI=
github.com/davecgh/go-spew v1.1.1 h1:vj9j/u1bqnvCEfJOwUhtlOARqs3+rkHYY13jYWTU97c=
github.com/davecgh/go-spew v1.1.1/go.mod h1:J7Y8YcW2NihsgmVo/mv3lAwl/skON4iLHjSsI+c5H38=
github.com/fsnotify/fsnotify v1.4.7 h1:IXs+QLmnXW2CcXuY+8Mzv/fWEsPGWxqefPtCP5CnV9I=
github.com/fsnotify/fsnotify v1.4.7/go.mod h1:jwhsz4b93w/PPRr/qN1Yymfu8t87LnFCMoQvtojpjFo=
github.com/gogo/protobuf v1.1.1 h1:72R+M5VuhED/KujmZVcIquuo8mBgX4oVda//DQb3PXo=
github.com/gogo/protobuf v1.1.1/go.mod h1:r8qH/GZQm5c6nD/R0oafs1akxWv10x8SbQlK7atdtwQ=
github.com/gogo/protobuf v1.1.2-0.20180830160456-5669497fd644 h1:GsuTRapGULopujrq87TLdlXsp6m3q/tOwxgx7EEwhKc=
github.com/gogo/protobuf v1.1.2-0.20180830160456-5669497fd644/go.mod h1:r8qH/GZQm5c6nD/R0oafs1akxWv10x8SbQlK7atdtwQ=
github.com/golang/glog v0.0.0-20160126235308-23def4e6c14b h1:VKtxabqXZkF25pY9ekfRL6a582T4P37/31XEstQ5p58=
github.com/golang/glog v0.0.0-20160126235308-23def4e6c14b/go.mod h1:SBH7ygxi8pfUlaOkMMuAQtPIUF8ecWP5IEl/CR7VP2Q=
github.com/golang/protobuf v1.2.0 h1:P3YflyNX/ehuJFLhxviNdFxQPkGK5cDcApsge1SqnvM=
github.com/golang/protobuf v1.2.0/go.mod h1:6lQm79b+lXiMfvg/cZm0SGofjICqVBUtrP5yJMmIC1U=
github.com/hpcloud/tail v1.0.0 h1:nfCOvKYfkgYP8hkirhJocXT2+zOD8yUNjXaWfTlyFKI=
github.com/hpcloud/tail v1.0.0/go.mod h1:ab1qPbhIpdTxEkNHXyeSf5vhxWSCs/tWer42PpOxQnU=
github.com/instana/golang-sensor v0.0.0-20180228112617-83ecc62fa9d2 h1:4DNLg6PFHHiJaR6lbp+RPSfyWikE0qiumJkiGjzwSOM=
github.com/instana/golang-sensor v0.0.0-20180228112617-83ecc62fa9d2/go.mod h1:ZyC19HCVK0u4cTg7K2p1FE5Wwoj/rz5MtoEKw8Pf9LA=
github.com/lightstep/lightstep-tracer-go v0.15.4 h1:rzImfI1c+2MabU1jZGRm/6lgbXcnZ97xx7mzscf+zjU=
github.com/lightstep/lightstep-tracer-go v0.15.4/go.mod h1:6AMpwZpsyCFwSovxzM78e+AsYxE8sGwiM6C3TytaWeI=
github.com/looplab/fsm v0.0.0-20170404094036-bcc3636384ce h1:/kHlhGMhXnoVgYIRC63Vkdh1CI43Yq5ry8slZMknCRI=
github.com/looplab/fsm v0.0.0-20170404094036-bcc3636384ce/go.mod h1:m2VaOfDHxqXBBMgc26m6yUOwkFn8H2AlJDE+jd/uafI=
github.com/matttproud/golang_protobuf_extensions v1.0.1 h1:4hp9jkHxhMHkqkrB3Ix0jegS5sx/RkqARlsWZ6pIwiU=
github.com/matttproud/golang_protobuf_extensions v1.0.1/go.mod h1:D8He9yQNgCq6Z5Ld7szi9bcBfOoFv/3dc6xSMkL2PC0=
github.com/onsi/ginkgo v1.6.0 h1:Ix8l273rp3QzYgXSR+c8d1fTG7UPgYkOSELPhiY/YGw=
github.com/onsi/ginkgo v1.6.0/go.mod h1:lLunBs/Ym6LB5Z9jYTR76FiuTmxDTDusOGeTQH+WWjE=
github.com/onsi/gomega v1.4.1 h1:PZSj/UFNaVp3KxrzHOcS7oyuWA7LoOY/77yCTEFu21U=
github.com/onsi/gomega v1.4.1/go.mod h1:C1qb7wdrVGGVU+Z6iS04AVkA3Q65CEZX59MT0QO5uiA=
github.com/opentracing/basictracer-go v1.0.0 h1:YyUAhaEfjoWXclZVJ9sGoNct7j4TVk7lZWlQw5UXuoo=
github.com/opentracing/basictracer-go v1.0.0/go.mod h1:QfBfYuafItcjQuMwinw9GhYKwFXS9KnPs5lxoYwgW74=
github.com/opentracing/opentracing-go v1.0.2 h1:3jA2P6O1F9UOrWVpwrIo17pu01KWvNWg4X946/Y5Zwg=
github.com/opentracing/opentracing-go v1.0.2/go.mod h1:UkNAQd3GIcIGf0SeVgPpRdFStlNbqXla1AfSYxPUl2o=
github.com/pkg/errors v0.8.0 h1:WdK/asTD0HN+q6hsWO3/vpuAkAr+tw6aNJNDFFf0+qw=
github.com/pkg/errors v0.8.0/go.mod h1:bwawxfHBFNV+L2hUp1rHADufV3IMtnDRdf1r5NINEl0=
github.com/pmezard/go-difflib v1.0.0 h1:4DBwDE0NGyQoBHbLQYPwSUPoCMWR5BEzIk/f1lZbAQM=
github.com/pmezard/go-difflib v1.0.0/go.mod h1:iKH77koFhYxTK1pcRnkKkqfTogsbg7gZNVY4sRDYZ/4=
github.com/prometheus/client_golang v0.8.0 h1:1921Yw9Gc3iSc4VQh3PIoOqgPCZS7G/4xQNVUp8Mda8=
github.com/prometheus/client_golang v0.8.0/go.mod h1:7SWBe2y4D6OKWSNQJUaRYU/AaXPKyh/dDVn+NZz0KFw=
github.com/prometheus/client_golang v0.9.0-pre1.0.20180824101016-4eb539fa85a2 h1:jzd8QkZcF6lmxZUhgz/fisGD9H6GJja8jt7ucaaZPgM=
github.com/prometheus/client_golang v0.9.0-pre1.0.20180824101016-4eb539fa85a2/go.mod h1:7SWBe2y4D6OKWSNQJUaRYU/AaXPKyh/dDVn+NZz0KFw=
github.com/prometheus/client_model v0.0.0-20171117100541-99fa1f4be8e5 h1:cLL6NowurKLMfCeQy4tIeph12XNQWgANCNvdyrOYKV4=
github.com/prometheus/client_model v0.0.0-20171117100541-99fa1f4be8e5/go.mod h1:MbSGuTsp3dbXC40dX6PRTWyKYBIrTGTE9sqQNg2J8bo=
github.com/prometheus/common v0.0.0-20171117163051-2e54d0b93cba h1:/MUKoJbk4oXV3uxkpfHVkmVfL+wzWW6dttaW26s07Gg=
github.com/prometheus/common v0.0.0-20171117163051-2e54d0b93cba/go.mod h1:daVV7qP5qjZbuso7PdcryaAu0sAZbrN9i7WWcTMWvro=
github.com/prometheus/procfs v0.0.0-20171017214025-a6e9df898b13 h1:iAstix1KspoLBRl8NoQH8wCdrkaLCdcHhF98EE5b3dY=
github.com/prometheus/procfs v0.0.0-20171017214025-a6e9df898b13/go.mod h1:c3At6R/oaqEKCNdg8wHV1ftS6bRYblBhIjjI8uT2IGk=
github.com/stretchr/testify v1.2.2 h1:bSDNvY7ZPG5RlJ8otE/7V6gMiyenm9RtJ7IUVIAoJ1w=
github.com/stretchr/testify v1.2.2/go.mod h1:a8OnRcib4nhh0OaRAV+Yts87kKdq0PP7pXfy6kDkUVs=
github.com/uber-go/atomic v1.3.2 h1:Azu9lPBWRNKzYXSIwRfgRuDuS0YKsK4NFhiQv98gkxo=
github.com/uber-go/atomic v1.3.2/go.mod h1:/Ct5t2lcmbJ4OSe/waGBoaVvVqtO0bmtfVNex1PFV8g=
github.com/uber/jaeger-client-go v2.14.0+incompatible h1:1KGTNRby0tDiVDDhvzL0pz0N26M9DobVCfSqz4Z/UPc=
github.com/uber/jaeger-client-go v2.14.0+incompatible/go.mod h1:WVhlPFC8FDjOFMMWRy2pZqQJSXxYSwNYOkTr/Z6d3Kk=
github.com/uber/jaeger-lib v1.3.1 h1:QaTh7g9oG56uB4I2MiwJbh/svRjHhZogAiQozBzxL3g=
github.com/uber/jaeger-lib v1.3.1/go.mod h1:ComeNDZlWwrWnDv8aPp0Ba6+uUTzImX/AauajbLI56U=
github.com/uber/jaeger-lib v1.5.0 h1:OHbgr8l656Ub3Fw5k9SWnBfIEwvoHQ+W2y+Aa9D1Uyo=
github.com/uber/jaeger-lib v1.5.0/go.mod h1:ComeNDZlWwrWnDv8aPp0Ba6+uUTzImX/AauajbLI56U=
github.com/zalando/skipper v0.9.164 h1:f3KnwpwmN+y9kBg7hSudFUgow2Yj8oCX8FVZQ8Y2SaY=
github.com/zalando/skipper v0.9.164/go.mod h1:R7LwOni1ktbT3GjQFb8NyejXiWcCrxAhDMe/YFe77x4=
go.uber.org/atomic v1.3.2 h1:2Oa65PReHzfn29GpvgsYwloV9AVFHPDk8tYxt2c2tr4=
go.uber.org/atomic v1.3.2/go.mod h1:gD2HeocX3+yG+ygLZcrzQJaqmWj9AIm7n08wl/qW/PE=
golang.org/x/net v0.0.0-20180826012351-8a410e7b638d h1:g9qWBGx4puODJTMVyoPrpoxPFgVGd+z1DZwjfRu4d0I=
golang.org/x/net v0.0.0-20180826012351-8a410e7b638d/go.mod h1:mL1N/T3taQHkDXs73rZJwtUhF3w3ftmwwsq0BUmARs4=
golang.org/x/sync v0.0.0-20180314180146-1d60e4601c6f h1:wMNYb4v58l5UBM7MYRLPG6ZhfOqbKu7X5eyFl8ZhKvA=
golang.org/x/sync v0.0.0-20180314180146-1d60e4601c6f/go.mod h1:RxMgew5VJxzue5/jJTE5uejpjVlOe/izrB70Jof72aM=
golang.org/x/sys v0.0.0-20180831094639-fa5fdf94c789 h1:T8D7l6WB3tLu+VpKvw06ieD/OhBi1XpJmG1U/FtttZg=
golang.org/x/sys v0.0.0-20180831094639-fa5fdf94c789/go.mod h1:STP8DvDyc/dI5b8T5hshtkjS+E42TnysNCUPdjciGhY=
golang.org/x/text v0.3.0 h1:g61tztE5qeGQ89tm6NTjjM9VPIm088od1l6aSorWRWg=
golang.org/x/text v0.3.0/go.mod h1:NqM8EUOU14njkJ3fqMW+pc6Ldnwhi/IjpwHt7yyuwOQ=
google.golang.org/genproto v0.0.0-20180831171423-11092d34479b h1:lohp5blsw53GBXtLyLNaTXPXS9pJ1tiTw61ZHUoE9Qw=
google.golang.org/genproto v0.0.0-20180831171423-11092d34479b/go.mod h1:JiN7NxoALGmiZfu7CAH4rXhgtRTLTxftemlI0sWmxmc=
google.golang.org/grpc v1.14.0 h1:ArxJuB1NWfPY6r9Gp9gqwplT0Ge7nqv9msgu03lHLmo=
google.golang.org/grpc v1.14.0/go.mod h1:yo6s7OP7yaDglbqo1J04qKzAhqBH6lvTonzMVmEdcZw=
gopkg.in/check.v1 v0.0.0-20161208181325-20d25e280405 h1:yhCVgyC4o1eVCa2tZl7eS0r+SDo693bJlVdllGtEeKM=
gopkg.in/check.v1 v0.0.0-20161208181325-20d25e280405/go.mod h1:Co6ibVJAznAaIkqp8huTwlJQCZ016jof/cbN4VW5Yz0=
gopkg.in/fsnotify.v1 v1.4.7 h1:xOHLXZwVvI9hhs+cLKq5+I5onOuwQLhQwiu63xxlHs4=
gopkg.in/fsnotify.v1 v1.4.7/go.mod h1:Tz8NjZHkW78fSQdbUxIjBTcgA1z1m8ZHf0WmKUhAMys=
gopkg.in/tomb.v1 v1.0.0-20141024135613-dd632973f1e7 h1:uRGJdciOHaEIrze2W8Q3AKkepLTh2hOroT7a+7czfdQ=
gopkg.in/tomb.v1 v1.0.0-20141024135613-dd632973f1e7/go.mod h1:dt/ZhP58zS4L8KSrWDmTeBkI65Dw0HsyUHuEVlX15mw=
gopkg.in/yaml.v2 v2.2.1 h1:mUhvW9EsL+naU5Q3cakzfE91YhliOondGd6ZrsDBHQE=
gopkg.in/yaml.v2 v2.2.1/go.mod h1:hI93XBmqTisBFMUTm0b8Fm+jr3Dg1NNxqwp+5A1VGuI=
