hash: b4fe70b335d32da8a1fac4b9dda960ebee83067d52acd106257c9926d8cd7b05
updated: 2017-12-05T09:41:09.013930767+01:00
imports:
- name: github.com/instana/golang-sensor
  version: 617508adcd8f9897c995c6cf771c39ac645bbad3
- name: github.com/uber/jaeger-client-go
  version: 617d557e70af86f3bfe9c3b339243964bb7cfd8e
- name: github.com/zalando/skipper
  version: b55f1ba8817240684c58106f1f2c5c664179b5e1
testImports: []
